
Microsoft Visual Studio Solution File, Format Version 12.00
# Visual Studio Version 17
VisualStudioVersion = 17.14.36414.22 d17.14
MinimumVisualStudioVersion = 10.0.40219.1
Project("{FAE04EC0-301F-11D3-BF4B-00C04F79EFBC}") = "8. Appliance Example", "8. Appliance Example\8. Appliance Example.csproj", "{35A8D517-F2FE-4920-92D0-90E67A9CAED0}"
EndProject
Global
	GlobalSection(SolutionConfigurationPlatforms) = preSolution
		Debug|Any CPU = Debug|Any CPU
		Release|Any CPU = Release|Any CPU
	EndGlobalSection
	GlobalSection(ProjectConfigurationPlatforms) = postSolution
		{35A8D517-F2FE-4920-92D0-90E67A9CAED0}.Debug|Any CPU.ActiveCfg = Debug|Any CPU
		{35A8D517-F2FE-4920-92D0-90E67A9CAED0}.Debug|Any CPU.Build.0 = Debug|Any CPU
		{35A8D517-F2FE-4920-92D0-90E67A9CAED0}.Release|Any CPU.ActiveCfg = Release|Any CPU
		{35A8D517-F2FE-4920-92D0-90E67A9CAED0}.Release|Any CPU.Build.0 = Release|Any CPU
	EndGlobalSection
	GlobalSection(SolutionProperties) = preSolution
		HideSolutionNode = FALSE
	EndGlobalSection
	GlobalSection(ExtensibilityGlobals) = postSolution
		SolutionGuid = {F7B18C3B-7BF8-4D00-8D2E-986DF5461974}
	EndGlobalSection
EndGlobal
